
Microsoft Visual Studio Solution File, Format Version 12.00
# Visual Studio Version 16
VisualStudioVersion = 16.0.29001.49
MinimumVisualStudioVersion = 10.0.40219.1
Project("{FAE04EC0-301F-11D3-BF4B-00C04F79EFBC}") = "FileUpload", "FileUpload.csproj", "{F5EF06D1-D6B2-4D81-974F-8E17C055CF91}"
EndProject
Global
	GlobalSection(SolutionConfigurationPlatforms) = preSolution
		Debug|Any CPU = Debug|Any CPU
		Release|Any CPU = Release|Any CPU
	EndGlobalSection
	GlobalSection(ProjectConfigurationPlatforms) = postSolution
		{F5EF06D1-D6B2-4D81-974F-8E17C055CF91}.Debug|Any CPU.ActiveCfg = Debug|Any CPU
		{F5EF06D1-D6B2-4D81-974F-8E17C055CF91}.Debug|Any CPU.Build.0 = Debug|Any CPU
		{F5EF06D1-D6B2-4D81-974F-8E17C055CF91}.Release|Any CPU.ActiveCfg = Release|Any CPU
		{F5EF06D1-D6B2-4D81-974F-8E17C055CF91}.Release|Any CPU.Build.0 = Release|Any CPU
	EndGlobalSection
	GlobalSection(SolutionProperties) = preSolution
		HideSolutionNode = FALSE
	EndGlobalSection
	GlobalSection(ExtensibilityGlobals) = postSolution
		SolutionGuid = {8801BFC6-4ABB-4D03-B087-8C5F1B8C3208}
	EndGlobalSection
EndGlobal
